
Microsoft Visual Studio Solution File, Format Version 12.00
# Visual Studio Version 17
VisualStudioVersion = 17.0.32014.148
MinimumVisualStudioVersion = 10.0.40219.1
Project("{FAE04EC0-301F-11D3-BF4B-00C04F79EFBC}") = "Aladdin", "Aladdin\Aladdin.csproj", "{09f35856-3c14-478a-8d6b-9c4ea01c8500}"
EndProject
Project("{FAE04EC0-301F-11D3-BF4B-00C04F79EFBC}") = "TestAssembly", "TestAssembly\TestAssembly.csproj", "{0819970d-7c8f-45eb-afe8-93083711afc1}"
EndProject
Global
	GlobalSection(SolutionConfigurationPlatforms) = preSolution
		Debug|Any CPU = Debug|Any CPU
		Debug|x86 = Debug|x86
		Release|Any CPU = Release|Any CPU
		Release|x86 = Release|x86
	EndGlobalSection
	GlobalSection(ProjectConfigurationPlatforms) = postSolution
		{09f35856-3c14-478a-8d6b-9c4ea01c8500}.Debug|Any CPU.ActiveCfg = Debug|Any CPU
		{09f35856-3c14-478a-8d6b-9c4ea01c8500}.Debug|Any CPU.Build.0 = Debug|Any CPU
		{09f35856-3c14-478a-8d6b-9c4ea01c8500}.Debug|x86.ActiveCfg = Debug|x86
		{09f35856-3c14-478a-8d6b-9c4ea01c8500}.Debug|x86.Build.0 = Debug|x86
		{09f35856-3c14-478a-8d6b-9c4ea01c8500}.Release|Any CPU.ActiveCfg = Release|Any CPU
		{09f35856-3c14-478a-8d6b-9c4ea01c8500}.Release|Any CPU.Build.0 = Release|Any CPU
		{09f35856-3c14-478a-8d6b-9c4ea01c8500}.Release|x86.ActiveCfg = Release|x86
		{09f35856-3c14-478a-8d6b-9c4ea01c8500}.Release|x86.Build.0 = Release|x86
		{0819970d-7c8f-45eb-afe8-93083711afc1}.Debug|Any CPU.ActiveCfg = Debug|Any CPU
		{0819970d-7c8f-45eb-afe8-93083711afc1}.Debug|Any CPU.Build.0 = Debug|Any CPU
		{0819970d-7c8f-45eb-afe8-93083711afc1}.Debug|x86.ActiveCfg = Debug|Any CPU
		{0819970d-7c8f-45eb-afe8-93083711afc1}.Debug|x86.Build.0 = Debug|Any CPU
		{0819970d-7c8f-45eb-afe8-93083711afc1}.Release|Any CPU.ActiveCfg = Release|Any CPU
		{0819970d-7c8f-45eb-afe8-93083711afc1}.Release|Any CPU.Build.0 = Release|Any CPU
		{0819970d-7c8f-45eb-afe8-93083711afc1}.Release|x86.ActiveCfg = Release|Any CPU
		{0819970d-7c8f-45eb-afe8-93083711afc1}.Release|x86.Build.0 = Release|Any CPU
	EndGlobalSection
	GlobalSection(SolutionProperties) = preSolution
		HideSolutionNode = FALSE
	EndGlobalSection
	GlobalSection(ExtensibilityGlobals) = postSolution
		SolutionGuid = {40DC7508-EF01-47FD-A8C1-25D048A8FD98}
	EndGlobalSection
EndGlobal
